// !$*UTF8*$!
{
	archiveVersion = 1;
	classes = {
	};
	objectVersion = 48;
	objects = {

/* Begin PBXBuildFile section */
		3311765322BB955E00F89645 /* LoginVC.swift in Sources */ = {isa = PBXBuildFile; fileRef = 3311765222BB955E00F89645 /* LoginVC.swift */; };
		331A08FA22CE18240084FA3C /* HomeVC.swift in Sources */ = {isa = PBXBuildFile; fileRef = 331A08F922CE18240084FA3C /* HomeVC.swift */; };
		332DB47A22CF92E600FBE77E /* BiographyVC.swift in Sources */ = {isa = PBXBuildFile; fileRef = 332DB47922CF92E600FBE77E /* BiographyVC.swift */; };
		3352311922D77121008D8635 /* CommentsVC.swift in Sources */ = {isa = PBXBuildFile; fileRef = 3352311822D77121008D8635 /* CommentsVC.swift */; };
		33806F0E22D36C1F004E29FB /* PostVC.swift in Sources */ = {isa = PBXBuildFile; fileRef = 33806F0D22D36C1F004E29FB /* PostVC.swift */; };
		33817E7222D4982600CB93ED /* EditProfileVC.swift in Sources */ = {isa = PBXBuildFile; fileRef = 33817E7122D4982600CB93ED /* EditProfileVC.swift */; };
		338E57D522D5F82A00EE51AE /* Settings.swift in Sources */ = {isa = PBXBuildFile; fileRef = 338E57D422D5F82A00EE51AE /* Settings.swift */; };
		338E57D722D6036800EE51AE /* TblCell_Post_Plain.swift in Sources */ = {isa = PBXBuildFile; fileRef = 338E57D622D6036800EE51AE /* TblCell_Post_Plain.swift */; };
		338E57D922D6038A00EE51AE /* TblCell_Post_Image.swift in Sources */ = {isa = PBXBuildFile; fileRef = 338E57D822D6038A00EE51AE /* TblCell_Post_Image.swift */; };
		338E998822B0ECFA00236012 /* AppDelegate.swift in Sources */ = {isa = PBXBuildFile; fileRef = 338E998722B0ECFA00236012 /* AppDelegate.swift */; };
		338E998D22B0ECFA00236012 /* Main.storyboard in Resources */ = {isa = PBXBuildFile; fileRef = 338E998B22B0ECFA00236012 /* Main.storyboard */; };
		338E998F22B0ED2000236012 /* Assets.xcassets in Resources */ = {isa = PBXBuildFile; fileRef = 338E998E22B0ED2000236012 /* Assets.xcassets */; };
		338E999222B0ED2000236012 /* LaunchScreen.storyboard in Resources */ = {isa = PBXBuildFile; fileRef = 338E999022B0ED2000236012 /* LaunchScreen.storyboard */; };
		3394410422CB802600D9158D /* Alamofire.framework in Frameworks */ = {isa = PBXBuildFile; fileRef = 339440F522CB7FDF00D9158D /* Alamofire.framework */; };
		3394410522CB802600D9158D /* Alamofire.framework in Embed Frameworks */ = {isa = PBXBuildFile; fileRef = 339440F522CB7FDF00D9158D /* Alamofire.framework */; settings = {ATTRIBUTES = (CodeSignOnCopy, RemoveHeadersOnCopy, ); }; };
		33A55C5A22D8941500BD441C /* TblCell_Comment.swift in Sources */ = {isa = PBXBuildFile; fileRef = 33A55C5922D8941500BD441C /* TblCell_Comment.swift */; };
		33A55C6422D89B7400BD441C /* Comment.swift in Sources */ = {isa = PBXBuildFile; fileRef = 33A55C6322D89B7400BD441C /* Comment.swift */; };
		33CB325622C0C70800B8BA63 /* RegisterVC.swift in Sources */ = {isa = PBXBuildFile; fileRef = 33CB325522C0C70800B8BA63 /* RegisterVC.swift */; };
		33CB325822C10FD400B8BA63 /* Helper.swift in Sources */ = {isa = PBXBuildFile; fileRef = 33CB325722C10FD400B8BA63 /* Helper.swift */; };
/* End PBXBuildFile section */

/* Begin PBXContainerItemProxy section */
		339440F422CB7FDF00D9158D /* PBXContainerItemProxy */ = {
			isa = PBXContainerItemProxy;
			containerPortal = 339440E922CB7FDE00D9158D /* Alamofire.xcodeproj */;
			proxyType = 2;
			remoteGlobalIDString = F8111E3319A95C8B0040E7D1;
			remoteInfo = "Alamofire iOS";
		};
		339440F622CB7FDF00D9158D /* PBXContainerItemProxy */ = {
			isa = PBXContainerItemProxy;
			containerPortal = 339440E922CB7FDE00D9158D /* Alamofire.xcodeproj */;
			proxyType = 2;
			remoteGlobalIDString = F8111E3E19A95C8B0040E7D1;
			remoteInfo = "Alamofire iOS Tests";
		};
		339440F822CB7FDF00D9158D /* PBXContainerItemProxy */ = {
			isa = PBXContainerItemProxy;
			containerPortal = 339440E922CB7FDE00D9158D /* Alamofire.xcodeproj */;
			proxyType = 2;
			remoteGlobalIDString = 4DD67C0B1A5C55C900ED2280;
			remoteInfo = "Alamofire macOS";
		};
		339440FA22CB7FDF00D9158D /* PBXContainerItemProxy */ = {
			isa = PBXContainerItemProxy;
			containerPortal = 339440E922CB7FDE00D9158D /* Alamofire.xcodeproj */;
			proxyType = 2;
			remoteGlobalIDString = F829C6B21A7A94F100A2CD59;
			remoteInfo = "Alamofire macOS Tests";
		};
		339440FC22CB7FDF00D9158D /* PBXContainerItemProxy */ = {
			isa = PBXContainerItemProxy;
			containerPortal = 339440E922CB7FDE00D9158D /* Alamofire.xcodeproj */;
			proxyType = 2;
			remoteGlobalIDString = 4CF626EF1BA7CB3E0011A099;
			remoteInfo = "Alamofire tvOS";
		};
		339440FE22CB7FDF00D9158D /* PBXContainerItemProxy */ = {
			isa = PBXContainerItemProxy;
			containerPortal = 339440E922CB7FDE00D9158D /* Alamofire.xcodeproj */;
			proxyType = 2;
			remoteGlobalIDString = 4CF626F81BA7CB3E0011A099;
			remoteInfo = "Alamofire tvOS Tests";
		};
		3394410022CB7FDF00D9158D /* PBXContainerItemProxy */ = {
			isa = PBXContainerItemProxy;
			containerPortal = 339440E922CB7FDE00D9158D /* Alamofire.xcodeproj */;
			proxyType = 2;
			remoteGlobalIDString = E4202FE01B667AA100C997FB;
			remoteInfo = "Alamofire watchOS";
		};
		3394410622CB802600D9158D /* PBXContainerItemProxy */ = {
			isa = PBXContainerItemProxy;
			containerPortal = 339440E922CB7FDE00D9158D /* Alamofire.xcodeproj */;
			proxyType = 1;
			remoteGlobalIDString = F8111E3219A95C8B0040E7D1;
			remoteInfo = "Alamofire iOS";
		};
/* End PBXContainerItemProxy section */

/* Begin PBXCopyFilesBuildPhase section */
		3394410822CB802600D9158D /* Embed Frameworks */ = {
			isa = PBXCopyFilesBuildPhase;
			buildActionMask = 2147483647;
			dstPath = "";
			dstSubfolderSpec = 10;
			files = (
				3394410522CB802600D9158D /* Alamofire.framework in Embed Frameworks */,
			);
			name = "Embed Frameworks";
			runOnlyForDeploymentPostprocessing = 0;
		};
/* End PBXCopyFilesBuildPhase section */

/* Begin PBXFileReference section */
		3311765222BB955E00F89645 /* LoginVC.swift */ = {isa = PBXFileReference; lastKnownFileType = sourcecode.swift; path = LoginVC.swift; sourceTree = "<group>"; };
		331A08F922CE18240084FA3C /* HomeVC.swift */ = {isa = PBXFileReference; lastKnownFileType = sourcecode.swift; path = HomeVC.swift; sourceTree = "<group>"; };
		332DB47922CF92E600FBE77E /* BiographyVC.swift */ = {isa = PBXFileReference; lastKnownFileType = sourcecode.swift; path = BiographyVC.swift; sourceTree = "<group>"; };
		3352311822D77121008D8635 /* CommentsVC.swift */ = {isa = PBXFileReference; lastKnownFileType = sourcecode.swift; path = CommentsVC.swift; sourceTree = "<group>"; };
		33806F0D22D36C1F004E29FB /* PostVC.swift */ = {isa = PBXFileReference; lastKnownFileType = sourcecode.swift; path = PostVC.swift; sourceTree = "<group>"; };
		33817E7122D4982600CB93ED /* EditProfileVC.swift */ = {isa = PBXFileReference; lastKnownFileType = sourcecode.swift; path = EditProfileVC.swift; sourceTree = "<group>"; };
		338E57D422D5F82A00EE51AE /* Settings.swift */ = {isa = PBXFileReference; lastKnownFileType = sourcecode.swift; path = Settings.swift; sourceTree = "<group>"; };
		338E57D622D6036800EE51AE /* TblCell_Post_Plain.swift */ = {isa = PBXFileReference; lastKnownFileType = sourcecode.swift; path = TblCell_Post_Plain.swift; sourceTree = "<group>"; };
		338E57D822D6038A00EE51AE /* TblCell_Post_Image.swift */ = {isa = PBXFileReference; lastKnownFileType = sourcecode.swift; path = TblCell_Post_Image.swift; sourceTree = "<group>"; };
		338E998422B0ECFA00236012 /* social.app */ = {isa = PBXFileReference; explicitFileType = wrapper.application; includeInIndex = 0; path = social.app; sourceTree = BUILT_PRODUCTS_DIR; };
		338E998722B0ECFA00236012 /* AppDelegate.swift */ = {isa = PBXFileReference; lastKnownFileType = sourcecode.swift; path = AppDelegate.swift; sourceTree = "<group>"; };
		338E998C22B0ECFA00236012 /* Base */ = {isa = PBXFileReference; lastKnownFileType = file.storyboard; name = Base; path = Base.lproj/Main.storyboard; sourceTree = "<group>"; };
		338E998E22B0ED2000236012 /* Assets.xcassets */ = {isa = PBXFileReference; lastKnownFileType = folder.assetcatalog; path = Assets.xcassets; sourceTree = "<group>"; };
		338E999122B0ED2000236012 /* Base */ = {isa = PBXFileReference; lastKnownFileType = file.storyboard; name = Base; path = Base.lproj/LaunchScreen.storyboard; sourceTree = "<group>"; };
		338E999322B0ED2000236012 /* Info.plist */ = {isa = PBXFileReference; lastKnownFileType = text.plist.xml; path = Info.plist; sourceTree = "<group>"; };
		339440E922CB7FDE00D9158D /* Alamofire.xcodeproj */ = {isa = PBXFileReference; lastKnownFileType = "wrapper.pb-project"; name = Alamofire.xcodeproj; path = "Alamofire-4.8.0/Alamofire.xcodeproj"; sourceTree = "<group>"; };
		33A55C5922D8941500BD441C /* TblCell_Comment.swift */ = {isa = PBXFileReference; lastKnownFileType = sourcecode.swift; path = TblCell_Comment.swift; sourceTree = "<group>"; };
		33A55C6322D89B7400BD441C /* Comment.swift */ = {isa = PBXFileReference; lastKnownFileType = sourcecode.swift; path = Comment.swift; sourceTree = "<group>"; };
		33CB325522C0C70800B8BA63 /* RegisterVC.swift */ = {isa = PBXFileReference; lastKnownFileType = sourcecode.swift; path = RegisterVC.swift; sourceTree = "<group>"; };
		33CB325722C10FD400B8BA63 /* Helper.swift */ = {isa = PBXFileReference; lastKnownFileType = sourcecode.swift; path = Helper.swift; sourceTree = "<group>"; };
/* End PBXFileReference section */

/* Begin PBXFrameworksBuildPhase section */
		338E998122B0ECFA00236012 /* Frameworks */ = {
			isa = PBXFrameworksBuildPhase;
			buildActionMask = 2147483647;
			files = (
				3394410422CB802600D9158D /* Alamofire.framework in Frameworks */,
			);
			runOnlyForDeploymentPostprocessing = 0;
		};
/* End PBXFrameworksBuildPhase section */

/* Begin PBXGroup section */
		338E997B22B0ECFA00236012 = {
			isa = PBXGroup;
			children = (
				338E998622B0ECFA00236012 /* social */,
				338E998522B0ECFA00236012 /* Products */,
				339440E922CB7FDE00D9158D /* Alamofire.xcodeproj */,
				3394410222CB800500D9158D /* Frameworks */,
			);
			sourceTree = "<group>";
		};
		338E998522B0ECFA00236012 /* Products */ = {
			isa = PBXGroup;
			children = (
				338E998422B0ECFA00236012 /* social.app */,
			);
			name = Products;
			sourceTree = "<group>";
		};
		338E998622B0ECFA00236012 /* social */ = {
			isa = PBXGroup;
			children = (
				33A55C6222D89B4700BD441C /* classes */,
				33E4373622B1299200509E7C /* assets */,
				338E998722B0ECFA00236012 /* AppDelegate.swift */,
				338E998B22B0ECFA00236012 /* Main.storyboard */,
				338E998E22B0ED2000236012 /* Assets.xcassets */,
				338E999022B0ED2000236012 /* LaunchScreen.storyboard */,
				338E999322B0ED2000236012 /* Info.plist */,
				3311765222BB955E00F89645 /* LoginVC.swift */,
				33CB325522C0C70800B8BA63 /* RegisterVC.swift */,
				33CB325722C10FD400B8BA63 /* Helper.swift */,
				331A08F922CE18240084FA3C /* HomeVC.swift */,
				332DB47922CF92E600FBE77E /* BiographyVC.swift */,
				33806F0D22D36C1F004E29FB /* PostVC.swift */,
				33817E7122D4982600CB93ED /* EditProfileVC.swift */,
				338E57D422D5F82A00EE51AE /* Settings.swift */,
				338E57D622D6036800EE51AE /* TblCell_Post_Plain.swift */,
				338E57D822D6038A00EE51AE /* TblCell_Post_Image.swift */,
				3352311822D77121008D8635 /* CommentsVC.swift */,
				33A55C5922D8941500BD441C /* TblCell_Comment.swift */,
			);
			path = social;
			sourceTree = "<group>";
		};
		339440EA22CB7FDE00D9158D /* Products */ = {
			isa = PBXGroup;
			children = (
				339440F522CB7FDF00D9158D /* Alamofire.framework */,
				339440F722CB7FDF00D9158D /* Alamofire iOS Tests.xctest */,
				339440F922CB7FDF00D9158D /* Alamofire.framework */,
				339440FB22CB7FDF00D9158D /* Alamofire macOS Tests.xctest */,
				339440FD22CB7FDF00D9158D /* Alamofire.framework */,
				339440FF22CB7FDF00D9158D /* Alamofire tvOS Tests.xctest */,
				3394410122CB7FDF00D9158D /* Alamofire.framework */,
			);
			name = Products;
			sourceTree = "<group>";
		};
		3394410222CB800500D9158D /* Frameworks */ = {
			isa = PBXGroup;
			children = (
			);
			name = Frameworks;
			sourceTree = "<group>";
		};
		33A55C6222D89B4700BD441C /* classes */ = {
			isa = PBXGroup;
			children = (
				33A55C6322D89B7400BD441C /* Comment.swift */,
			);
			path = classes;
			sourceTree = "<group>";
		};
		33E4373622B1299200509E7C /* assets */ = {
			isa = PBXGroup;
			children = (
				33E4373722B129A500509E7C /* images */,
			);
			path = assets;
			sourceTree = "<group>";
		};
		33E4373722B129A500509E7C /* images */ = {
			isa = PBXGroup;
			children = (
			);
			path = images;
			sourceTree = "<group>";
		};
/* End PBXGroup section */

/* Begin PBXNativeTarget section */
		338E998322B0ECFA00236012 /* social */ = {
			isa = PBXNativeTarget;
			buildConfigurationList = 338E999622B0ED2000236012 /* Build configuration list for PBXNativeTarget "social" */;
			buildPhases = (
				338E998022B0ECFA00236012 /* Sources */,
				338E998122B0ECFA00236012 /* Frameworks */,
				338E998222B0ECFA00236012 /* Resources */,
				3394410822CB802600D9158D /* Embed Frameworks */,
			);
			buildRules = (
			);
			dependencies = (
				3394410722CB802600D9158D /* PBXTargetDependency */,
			);
			name = social;
			productName = social;
			productReference = 338E998422B0ECFA00236012 /* social.app */;
			productType = "com.apple.product-type.application";
		};
/* End PBXNativeTarget section */

/* Begin PBXProject section */
		338E997C22B0ECFA00236012 /* Project object */ = {
			isa = PBXProject;
			attributes = {
				LastSwiftUpdateCheck = 1010;
				LastUpgradeCheck = 1010;
				ORGANIZATIONNAME = Ancient;
				TargetAttributes = {
					338E998322B0ECFA00236012 = {
						CreatedOnToolsVersion = 10.1;
						ProvisioningStyle = Automatic;
					};
				};
			};
			buildConfigurationList = 338E997F22B0ECFA00236012 /* Build configuration list for PBXProject "social" */;
			compatibilityVersion = "Xcode 8.0";
			developmentRegion = en;
			hasScannedForEncodings = 0;
			knownRegions = (
				en,
				Base,
			);
			mainGroup = 338E997B22B0ECFA00236012;
			productRefGroup = 338E998522B0ECFA00236012 /* Products */;
			projectDirPath = "";
			projectReferences = (
				{
					ProductGroup = 339440EA22CB7FDE00D9158D /* Products */;
					ProjectRef = 339440E922CB7FDE00D9158D /* Alamofire.xcodeproj */;
				},
			);
			projectRoot = "";
			targets = (
				338E998322B0ECFA00236012 /* social */,
			);
		};
/* End PBXProject section */

/* Begin PBXReferenceProxy section */
		339440F522CB7FDF00D9158D /* Alamofire.framework */ = {
			isa = PBXReferenceProxy;
			fileType = wrapper.framework;
			path = Alamofire.framework;
			remoteRef = 339440F422CB7FDF00D9158D /* PBXContainerItemProxy */;
			sourceTree = BUILT_PRODUCTS_DIR;
		};
		339440F722CB7FDF00D9158D /* Alamofire iOS Tests.xctest */ = {
			isa = PBXReferenceProxy;
			fileType = wrapper.cfbundle;
			path = "Alamofire iOS Tests.xctest";
			remoteRef = 339440F622CB7FDF00D9158D /* PBXContainerItemProxy */;
			sourceTree = BUILT_PRODUCTS_DIR;
		};
		339440F922CB7FDF00D9158D /* Alamofire.framework */ = {
			isa = PBXReferenceProxy;
			fileType = wrapper.framework;
			path = Alamofire.framework;
			remoteRef = 339440F822CB7FDF00D9158D /* PBXContainerItemProxy */;
			sourceTree = BUILT_PRODUCTS_DIR;
		};
		339440FB22CB7FDF00D9158D /* Alamofire macOS Tests.xctest */ = {
			isa = PBXReferenceProxy;
			fileType = wrapper.cfbundle;
			path = "Alamofire macOS Tests.xctest";
			remoteRef = 339440FA22CB7FDF00D9158D /* PBXContainerItemProxy */;
			sourceTree = BUILT_PRODUCTS_DIR;
		};
		339440FD22CB7FDF00D9158D /* Alamofire.framework */ = {
			isa = PBXReferenceProxy;
			fileType = wrapper.framework;
			path = Alamofire.framework;
			remoteRef = 339440FC22CB7FDF00D9158D /* PBXContainerItemProxy */;
			sourceTree = BUILT_PRODUCTS_DIR;
		};
		339440FF22CB7FDF00D9158D /* Alamofire tvOS Tests.xctest */ = {
			isa = PBXReferenceProxy;
			fileType = wrapper.cfbundle;
			path = "Alamofire tvOS Tests.xctest";
			remoteRef = 339440FE22CB7FDF00D9158D /* PBXContainerItemProxy */;
			sourceTree = BUILT_PRODUCTS_DIR;
		};
		3394410122CB7FDF00D9158D /* Alamofire.framework */ = {
			isa = PBXReferenceProxy;
			fileType = wrapper.framework;
			path = Alamofire.framework;
			remoteRef = 3394410022CB7FDF00D9158D /* PBXContainerItemProxy */;
			sourceTree = BUILT_PRODUCTS_DIR;
		};
/* End PBXReferenceProxy section */

/* Begin PBXResourcesBuildPhase section */
		338E998222B0ECFA00236012 /* Resources */ = {
			isa = PBXResourcesBuildPhase;
			buildActionMask = 2147483647;
			files = (
				338E999222B0ED2000236012 /* LaunchScreen.storyboard in Resources */,
				338E998F22B0ED2000236012 /* Assets.xcassets in Resources */,
				338E998D22B0ECFA00236012 /* Main.storyboard in Resources */,
			);
			runOnlyForDeploymentPostprocessing = 0;
		};
/* End PBXResourcesBuildPhase section */

/* Begin PBXSourcesBuildPhase section */
		338E998022B0ECFA00236012 /* Sources */ = {
			isa = PBXSourcesBuildPhase;
			buildActionMask = 2147483647;
			files = (
				332DB47A22CF92E600FBE77E /* BiographyVC.swift in Sources */,
				33CB325622C0C70800B8BA63 /* RegisterVC.swift in Sources */,
				33A55C5A22D8941500BD441C /* TblCell_Comment.swift in Sources */,
				33A55C6422D89B7400BD441C /* Comment.swift in Sources */,
				3352311922D77121008D8635 /* CommentsVC.swift in Sources */,
				331A08FA22CE18240084FA3C /* HomeVC.swift in Sources */,
				338E57D722D6036800EE51AE /* TblCell_Post_Plain.swift in Sources */,
				3311765322BB955E00F89645 /* LoginVC.swift in Sources */,
				33806F0E22D36C1F004E29FB /* PostVC.swift in Sources */,
				338E998822B0ECFA00236012 /* AppDelegate.swift in Sources */,
				338E57D522D5F82A00EE51AE /* Settings.swift in Sources */,
				33817E7222D4982600CB93ED /* EditProfileVC.swift in Sources */,
				338E57D922D6038A00EE51AE /* TblCell_Post_Image.swift in Sources */,
				33CB325822C10FD400B8BA63 /* Helper.swift in Sources */,
			);
			runOnlyForDeploymentPostprocessing = 0;
		};
/* End PBXSourcesBuildPhase section */

/* Begin PBXTargetDependency section */
		3394410722CB802600D9158D /* PBXTargetDependency */ = {
			isa = PBXTargetDependency;
			name = "Alamofire iOS";
			targetProxy = 3394410622CB802600D9158D /* PBXContainerItemProxy */;
		};
/* End PBXTargetDependency section */

/* Begin PBXVariantGroup section */
		338E998B22B0ECFA00236012 /* Main.storyboard */ = {
			isa = PBXVariantGroup;
			children = (
				338E998C22B0ECFA00236012 /* Base */,
			);
			name = Main.storyboard;
			sourceTree = "<group>";
		};
		338E999022B0ED2000236012 /* LaunchScreen.storyboard */ = {
			isa = PBXVariantGroup;
			children = (
				338E999122B0ED2000236012 /* Base */,
			);
			name = LaunchScreen.storyboard;
			sourceTree = "<group>";
		};
/* End PBXVariantGroup section */

/* Begin XCBuildConfiguration section */
		338E999422B0ED2000236012 /* Debug */ = {
			isa = XCBuildConfiguration;
			buildSettings = {
				ALWAYS_SEARCH_USER_PATHS = NO;
				CLANG_ANALYZER_NONNULL = YES;
				CLANG_ANALYZER_NUMBER_OBJECT_CONVERSION = YES_AGGRESSIVE;
				CLANG_CXX_LANGUAGE_STANDARD = "gnu++14";
				CLANG_CXX_LIBRARY = "libc++";
				CLANG_ENABLE_MODULES = YES;
				CLANG_ENABLE_OBJC_ARC = YES;
				CLANG_ENABLE_OBJC_WEAK = YES;
				CLANG_WARN_BLOCK_CAPTURE_AUTORELEASING = YES;
				CLANG_WARN_BOOL_CONVERSION = YES;
				CLANG_WARN_COMMA = YES;
				CLANG_WARN_CONSTANT_CONVERSION = YES;
				CLANG_WARN_DEPRECATED_OBJC_IMPLEMENTATIONS = YES;
				CLANG_WARN_DIRECT_OBJC_ISA_USAGE = YES_ERROR;
				CLANG_WARN_DOCUMENTATION_COMMENTS = YES;
				CLANG_WARN_EMPTY_BODY = YES;
				CLANG_WARN_ENUM_CONVERSION = YES;
				CLANG_WARN_INFINITE_RECURSION = YES;
				CLANG_WARN_INT_CONVERSION = YES;
				CLANG_WARN_NON_LITERAL_NULL_CONVERSION = YES;
				CLANG_WARN_OBJC_IMPLICIT_RETAIN_SELF = YES;
				CLANG_WARN_OBJC_LITERAL_CONVERSION = YES;
				CLANG_WARN_OBJC_ROOT_CLASS = YES_ERROR;
				CLANG_WARN_RANGE_LOOP_ANALYSIS = YES;
				CLANG_WARN_STRICT_PROTOTYPES = YES;
				CLANG_WARN_SUSPICIOUS_MOVE = YES;
				CLANG_WARN_UNGUARDED_AVAILABILITY = YES_AGGRESSIVE;
				CLANG_WARN_UNREACHABLE_CODE = YES;
				CLANG_WARN__DUPLICATE_METHOD_MATCH = YES;
				CODE_SIGN_IDENTITY = "iPhone Developer";
				COPY_PHASE_STRIP = NO;
				DEBUG_INFORMATION_FORMAT = dwarf;
				ENABLE_STRICT_OBJC_MSGSEND = YES;
				ENABLE_TESTABILITY = YES;
				GCC_C_LANGUAGE_STANDARD = gnu11;
				GCC_DYNAMIC_NO_PIC = NO;
				GCC_NO_COMMON_BLOCKS = YES;
				GCC_OPTIMIZATION_LEVEL = 0;
				GCC_PREPROCESSOR_DEFINITIONS = (
					"DEBUG=1",
					"$(inherited)",
				);
				GCC_WARN_64_TO_32_BIT_CONVERSION = YES;
				GCC_WARN_ABOUT_RETURN_TYPE = YES_ERROR;
				GCC_WARN_UNDECLARED_SELECTOR = YES;
				GCC_WARN_UNINITIALIZED_AUTOS = YES_AGGRESSIVE;
				GCC_WARN_UNUSED_FUNCTION = YES;
				GCC_WARN_UNUSED_VARIABLE = YES;
				IPHONEOS_DEPLOYMENT_TARGET = 12.1;
				MTL_ENABLE_DEBUG_INFO = INCLUDE_SOURCE;
				MTL_FAST_MATH = YES;
				ONLY_ACTIVE_ARCH = YES;
				SDKROOT = iphoneos;
				SWIFT_ACTIVE_COMPILATION_CONDITIONS = DEBUG;
				SWIFT_OPTIMIZATION_LEVEL = "-Onone";
			};
			name = Debug;
		};
		338E999522B0ED2000236012 /* Release */ = {
			isa = XCBuildConfiguration;
			buildSettings = {
				ALWAYS_SEARCH_USER_PATHS = NO;
				CLANG_ANALYZER_NONNULL = YES;
				CLANG_ANALYZER_NUMBER_OBJECT_CONVERSION = YES_AGGRESSIVE;
				CLANG_CXX_LANGUAGE_STANDARD = "gnu++14";
				CLANG_CXX_LIBRARY = "libc++";
				CLANG_ENABLE_MODULES = YES;
				CLANG_ENABLE_OBJC_ARC = YES;
				CLANG_ENABLE_OBJC_WEAK = YES;
				CLANG_WARN_BLOCK_CAPTURE_AUTORELEASING = YES;
				CLANG_WARN_BOOL_CONVERSION = YES;
				CLANG_WARN_COMMA = YES;
				CLANG_WARN_CONSTANT_CONVERSION = YES;
				CLANG_WARN_DEPRECATED_OBJC_IMPLEMENTATIONS = YES;
				CLANG_WARN_DIRECT_OBJC_ISA_USAGE = YES_ERROR;
				CLANG_WARN_DOCUMENTATION_COMMENTS = YES;
				CLANG_WARN_EMPTY_BODY = YES;
				CLANG_WARN_ENUM_CONVERSION = YES;
				CLANG_WARN_INFINITE_RECURSION = YES;
				CLANG_WARN_INT_CONVERSION = YES;
				CLANG_WARN_NON_LITERAL_NULL_CONVERSION = YES;
				CLANG_WARN_OBJC_IMPLICIT_RETAIN_SELF = YES;
				CLANG_WARN_OBJC_LITERAL_CONVERSION = YES;
				CLANG_WARN_OBJC_ROOT_CLASS = YES_ERROR;
				CLANG_WARN_RANGE_LOOP_ANALYSIS = YES;
				CLANG_WARN_STRICT_PROTOTYPES = YES;
				CLANG_WARN_SUSPICIOUS_MOVE = YES;
				CLANG_WARN_UNGUARDED_AVAILABILITY = YES_AGGRESSIVE;
				CLANG_WARN_UNREACHABLE_CODE = YES;
				CLANG_WARN__DUPLICATE_METHOD_MATCH = YES;
				CODE_SIGN_IDENTITY = "iPhone Developer";
				COPY_PHASE_STRIP = NO;
				DEBUG_INFORMATION_FORMAT = "dwarf-with-dsym";
				ENABLE_NS_ASSERTIONS = NO;
				ENABLE_STRICT_OBJC_MSGSEND = YES;
				GCC_C_LANGUAGE_STANDARD = gnu11;
				GCC_NO_COMMON_BLOCKS = YES;
				GCC_WARN_64_TO_32_BIT_CONVERSION = YES;
				GCC_WARN_ABOUT_RETURN_TYPE = YES_ERROR;
				GCC_WARN_UNDECLARED_SELECTOR = YES;
				GCC_WARN_UNINITIALIZED_AUTOS = YES_AGGRESSIVE;
				GCC_WARN_UNUSED_FUNCTION = YES;
				GCC_WARN_UNUSED_VARIABLE = YES;
				IPHONEOS_DEPLOYMENT_TARGET = 12.1;
				MTL_ENABLE_DEBUG_INFO = NO;
				MTL_FAST_MATH = YES;
				SDKROOT = iphoneos;
				SWIFT_COMPILATION_MODE = wholemodule;
				SWIFT_OPTIMIZATION_LEVEL = "-O";
				VALIDATE_PRODUCT = YES;
			};
			name = Release;
		};
		338E999722B0ED2000236012 /* Debug */ = {
			isa = XCBuildConfiguration;
			buildSettings = {
				ALWAYS_EMBED_SWIFT_STANDARD_LIBRARIES = YES;
				ASSETCATALOG_COMPILER_APPICON_NAME = AppIcon;
				CODE_SIGN_STYLE = Automatic;
				INFOPLIST_FILE = social/Info.plist;
				IPHONEOS_DEPLOYMENT_TARGET = 11.2;
				LD_RUNPATH_SEARCH_PATHS = "$(inherited) @executable_path/Frameworks";
				PRODUCT_BUNDLE_IDENTIFIER = app.social;
				PRODUCT_NAME = "$(TARGET_NAME)";
				SWIFT_VERSION = 4.2;
				TARGETED_DEVICE_FAMILY = "1,2";
			};
			name = Debug;
		};
		338E999822B0ED2000236012 /* Release */ = {
			isa = XCBuildConfiguration;
			buildSettings = {
				ALWAYS_EMBED_SWIFT_STANDARD_LIBRARIES = YES;
				ASSETCATALOG_COMPILER_APPICON_NAME = AppIcon;
				CODE_SIGN_STYLE = Automatic;
				INFOPLIST_FILE = social/Info.plist;
				IPHONEOS_DEPLOYMENT_TARGET = 11.2;
				LD_RUNPATH_SEARCH_PATHS = "$(inherited) @executable_path/Frameworks";
				PRODUCT_BUNDLE_IDENTIFIER = app.social;
				PRODUCT_NAME = "$(TARGET_NAME)";
				SWIFT_VERSION = 4.2;
				TARGETED_DEVICE_FAMILY = "1,2";
			};
			name = Release;
		};
/* End XCBuildConfiguration section */

/* Begin XCConfigurationList section */
		338E997F22B0ECFA00236012 /* Build configuration list for PBXProject "social" */ = {
			isa = XCConfigurationList;
			buildConfigurations = (
				338E999422B0ED2000236012 /* Debug */,
				338E999522B0ED2000236012 /* Release */,
			);
			defaultConfigurationIsVisible = 0;
			defaultConfigurationName = Release;
		};
		338E999622B0ED2000236012 /* Build configuration list for PBXNativeTarget "social" */ = {
			isa = XCConfigurationList;
			buildConfigurations = (
				338E999722B0ED2000236012 /* Debug */,
				338E999822B0ED2000236012 /* Release */,
			);
			defaultConfigurationIsVisible = 0;
			defaultConfigurationName = Release;
		};
/* End XCConfigurationList section */
	};
	rootObject = 338E997C22B0ECFA00236012 /* Project object */;
}
